
Microsoft Visual Studio Solution File, Format Version 12.00
# Visual Studio Version 16
VisualStudioVersion = 16.0.30406.217
MinimumVisualStudioVersion = 10.0.40219.1
Project("{FAE04EC0-301F-11D3-BF4B-00C04F79EFBC}") = "teste", "teste\teste.csproj", "{17ED1299-9908-4EA8-B7CE-4438213CDCF3}"
EndProject
Global
	GlobalSection(SolutionConfigurationPlatforms) = preSolution
		Debug|Any CPU = Debug|Any CPU
		Release|Any CPU = Release|Any CPU
	EndGlobalSection
	GlobalSection(ProjectConfigurationPlatforms) = postSolution
		{17ED1299-9908-4EA8-B7CE-4438213CDCF3}.Debug|Any CPU.ActiveCfg = Debug|Any CPU
		{17ED1299-9908-4EA8-B7CE-4438213CDCF3}.Debug|Any CPU.Build.0 = Debug|Any CPU
		{17ED1299-9908-4EA8-B7CE-4438213CDCF3}.Release|Any CPU.ActiveCfg = Release|Any CPU
		{17ED1299-9908-4EA8-B7CE-4438213CDCF3}.Release|Any CPU.Build.0 = Release|Any CPU
	EndGlobalSection
	GlobalSection(SolutionProperties) = preSolution
		HideSolutionNode = FALSE
	EndGlobalSection
	GlobalSection(ExtensibilityGlobals) = postSolution
		SolutionGuid = {AA91271D-34A5-476A-83E7-357DD688B098}
	EndGlobalSection
EndGlobal
